
Microsoft Visual Studio Solution File, Format Version 12.00
# Visual Studio Version 16
VisualStudioVersion = 16.0.29728.190
MinimumVisualStudioVersion = 10.0.40219.1
Project("{9A19103F-16F7-4668-BE54-9A1E7A4F7556}") = "PGtraining", "PGtraining\PGtraining.csproj", "{656AB875-6436-4879-A08D-3B05E95A44DD}"
EndProject
Project("{9A19103F-16F7-4668-BE54-9A1E7A4F7556}") = "PGtraining.RisMenu", "PGtraining.RisMenu\PGtraining.RisMenu.csproj", "{2876EEB4-6DC5-435A-B211-02AD1CAEE8CC}"
EndProject
Project("{9A19103F-16F7-4668-BE54-9A1E7A4F7556}") = "PGtraining.Lib", "PGtraining.Lib\PGtraining.Lib.csproj", "{77DFB884-CA73-4FCA-A14F-6DF435D58825}"
EndProject
Project("{00D1A9C2-B5F0-4AF3-8072-F6C62B433612}") = "Database", "Database\Database.sqlproj", "{BF442B7D-42EE-444C-8644-31263B408365}"
EndProject
Project("{2150E333-8FDC-42A3-9474-1A3956D46DE8}") = "sample", "sample", "{FFBFC333-C4F2-4872-B6B3-93323F845606}"
	ProjectSection(SolutionItems) = preProject
		sample\2020060112000000.csv = sample\2020060112000000.csv
		sample\20200601140000.csv = sample\20200601140000.csv
	EndProjectSection
EndProject
Global
	GlobalSection(SolutionConfigurationPlatforms) = preSolution
		Debug|Any CPU = Debug|Any CPU
		Release|Any CPU = Release|Any CPU
	EndGlobalSection
	GlobalSection(ProjectConfigurationPlatforms) = postSolution
		{656AB875-6436-4879-A08D-3B05E95A44DD}.Debug|Any CPU.ActiveCfg = Debug|Any CPU
		{656AB875-6436-4879-A08D-3B05E95A44DD}.Debug|Any CPU.Build.0 = Debug|Any CPU
		{656AB875-6436-4879-A08D-3B05E95A44DD}.Release|Any CPU.ActiveCfg = Release|Any CPU
		{656AB875-6436-4879-A08D-3B05E95A44DD}.Release|Any CPU.Build.0 = Release|Any CPU
		{2876EEB4-6DC5-435A-B211-02AD1CAEE8CC}.Debug|Any CPU.ActiveCfg = Debug|Any CPU
		{2876EEB4-6DC5-435A-B211-02AD1CAEE8CC}.Debug|Any CPU.Build.0 = Debug|Any CPU
		{2876EEB4-6DC5-435A-B211-02AD1CAEE8CC}.Release|Any CPU.ActiveCfg = Release|Any CPU
		{2876EEB4-6DC5-435A-B211-02AD1CAEE8CC}.Release|Any CPU.Build.0 = Release|Any CPU
		{77DFB884-CA73-4FCA-A14F-6DF435D58825}.Debug|Any CPU.ActiveCfg = Debug|Any CPU
		{77DFB884-CA73-4FCA-A14F-6DF435D58825}.Debug|Any CPU.Build.0 = Debug|Any CPU
		{77DFB884-CA73-4FCA-A14F-6DF435D58825}.Release|Any CPU.ActiveCfg = Release|Any CPU
		{77DFB884-CA73-4FCA-A14F-6DF435D58825}.Release|Any CPU.Build.0 = Release|Any CPU
		{BF442B7D-42EE-444C-8644-31263B408365}.Debug|Any CPU.ActiveCfg = Debug|Any CPU
		{BF442B7D-42EE-444C-8644-31263B408365}.Debug|Any CPU.Build.0 = Debug|Any CPU
		{BF442B7D-42EE-444C-8644-31263B408365}.Debug|Any CPU.Deploy.0 = Debug|Any CPU
		{BF442B7D-42EE-444C-8644-31263B408365}.Release|Any CPU.ActiveCfg = Release|Any CPU
		{BF442B7D-42EE-444C-8644-31263B408365}.Release|Any CPU.Build.0 = Release|Any CPU
		{BF442B7D-42EE-444C-8644-31263B408365}.Release|Any CPU.Deploy.0 = Release|Any CPU
	EndGlobalSection
	GlobalSection(SolutionProperties) = preSolution
		HideSolutionNode = FALSE
	EndGlobalSection
	GlobalSection(ExtensibilityGlobals) = postSolution
		SolutionGuid = {8CCF9299-64B5-464F-A502-D93064AC2EB4}
	EndGlobalSection
EndGlobal
